// !$*UTF8*$!
{
	archiveVersion = 1;
	classes = {
	};
	objectVersion = 77;
	objects = {

/* Begin PBXBuildFile section */
		017019B7F63B1002A39CBC0E /* NutritionView.swift in Sources */ = {isa = PBXBuildFile; fileRef = 63A2F4729A1638CB205A1BCA /* NutritionView.swift */; };
		118FB7D768F611DCE56B5D55 /* WaterView.swift in Sources */ = {isa = PBXBuildFile; fileRef = ABD647265A23C5293A38989B /* WaterView.swift */; };
		12591291A34C66ED682F1267 /* HealthNote.swift in Sources */ = {isa = PBXBuildFile; fileRef = 9D25AD64D524EC1345722847 /* HealthNote.swift */; };
		18DDF110DA6C66FE369B60CE /* MealGroup.swift in Sources */ = {isa = PBXBuildFile; fileRef = 39989932745593A114F9C774 /* MealGroup.swift */; };
		1C9D8C54BF1E9359784BED5B /* AddNoteView.swift in Sources */ = {isa = PBXBuildFile; fileRef = 92A098E1E668F3D580A3721E /* AddNoteView.swift */; };
		268938479520BB31C84FC8C6 /* CreateMealPlanView.swift in Sources */ = {isa = PBXBuildFile; fileRef = 8EE460E0CD5DF90EDC901CE4 /* CreateMealPlanView.swift */; };
		34638D9BBB093424C294317A /* NoteDetailView.swift in Sources */ = {isa = PBXBuildFile; fileRef = FF79E618A37525E9DF374CE4 /* NoteDetailView.swift */; };
		3486367464537B6192F7C2AF /* PulseApp.swift in Sources */ = {isa = PBXBuildFile; fileRef = 0AEE9CD05DD0A6FAA15E6014 /* PulseApp.swift */; };
		37D3B4193853E2BAAA919D93 /* ExerciseEntry.swift in Sources */ = {isa = PBXBuildFile; fileRef = 6F7FCAABABE275B8FC7E389F /* ExerciseEntry.swift */; };
		3F5539D5151CE50C46549FA6 /* DashboardView.swift in Sources */ = {isa = PBXBuildFile; fileRef = 0B01CDFE4F205CF538FEFCB3 /* DashboardView.swift */; };
		4FABAC52380AEADF5F70391F /* ExerciseView.swift in Sources */ = {isa = PBXBuildFile; fileRef = BE15FAC6DC6335FFCCA56785 /* ExerciseView.swift */; };
		52B6C06F8B468E2A3A0ACCCC /* AddHabitView.swift in Sources */ = {isa = PBXBuildFile; fileRef = D5DF4EAFB116F46CF3EC96C9 /* AddHabitView.swift */; };
		790501A163BE853B582888D3 /* MealPlanListView.swift in Sources */ = {isa = PBXBuildFile; fileRef = 5F5BFBE409E05C0497F8E921 /* MealPlanListView.swift */; };
		807CEF2E58F5D4EB1922BF0D /* Habit.swift in Sources */ = {isa = PBXBuildFile; fileRef = 0FD7BF650190475FD7D47634 /* Habit.swift */; };
		8D1BF3F24255D07376EE9101 /* Plan.swift in Sources */ = {isa = PBXBuildFile; fileRef = 8CA7CE643BA4B8F7E0481BB1 /* Plan.swift */; };
		9C364F5A29AB260D4CF5533A /* NotificationPermissionView.swift in Sources */ = {isa = PBXBuildFile; fileRef = 343772CBD3872C3BC23DB718 /* NotificationPermissionView.swift */; };
		9DEBFDC7EE0C88CACB217D77 /* MealItem.swift in Sources */ = {isa = PBXBuildFile; fileRef = F04273000DCFC25413F104BB /* MealItem.swift */; };
		A91C71F49B69C4660980908C /* SettingsView.swift in Sources */ = {isa = PBXBuildFile; fileRef = 88912FFB6F0BF9680A359B85 /* SettingsView.swift */; };
		ABDF6FCD8E4D6DB01AFE95FB /* AddExerciseView.swift in Sources */ = {isa = PBXBuildFile; fileRef = F821D3C0E8DDC11003EBBD13 /* AddExerciseView.swift */; };
		AFBC38BF34DC2D0D3936926E /* MealLog.swift in Sources */ = {isa = PBXBuildFile; fileRef = 070C5015A57E88F404A45DA4 /* MealLog.swift */; };
		BC7168FA2155CA216D70BCF4 /* NotificationService.swift in Sources */ = {isa = PBXBuildFile; fileRef = EFEEEBE0FC8483B8759AC517 /* NotificationService.swift */; };
		C6291F88D20624F962058F3C /* HabitsView.swift in Sources */ = {isa = PBXBuildFile; fileRef = B393F9255F9FE2C64C23235D /* HabitsView.swift */; };
		CFE5AE62879752E1F53DF71B /* HabitLog.swift in Sources */ = {isa = PBXBuildFile; fileRef = 7AF603E1D4CD713C31F8E257 /* HabitLog.swift */; };
		DC07E6DA1C9C068A6A5BD0BF /* HealthKitService.swift in Sources */ = {isa = PBXBuildFile; fileRef = 0DEC6AB7EB48CA0FC358DE75 /* HealthKitService.swift */; };
		EC1885A3538327B6CABB18A9 /* ContentView.swift in Sources */ = {isa = PBXBuildFile; fileRef = 63CEC711FA7536F00870BC15 /* ContentView.swift */; };
		EC55D300DE3811C5395F0303 /* NotesView.swift in Sources */ = {isa = PBXBuildFile; fileRef = 3F704423043C92B1229D27E4 /* NotesView.swift */; };
		EE0B042985BD3DB2A6E233C5 /* MealPlan.swift in Sources */ = {isa = PBXBuildFile; fileRef = BE33570E960801D9A4613C56 /* MealPlan.swift */; };
		F8E87ADC36D5A3A4CF99BBF8 /* WaterEntry.swift in Sources */ = {isa = PBXBuildFile; fileRef = 9795E3A03EC14E2DAF73E4E0 /* WaterEntry.swift */; };
/* End PBXBuildFile section */

/* Begin PBXFileReference section */
		070C5015A57E88F404A45DA4 /* MealLog.swift */ = {isa = PBXFileReference; lastKnownFileType = sourcecode.swift; path = MealLog.swift; sourceTree = "<group>"; };
		0AEE9CD05DD0A6FAA15E6014 /* PulseApp.swift */ = {isa = PBXFileReference; lastKnownFileType = sourcecode.swift; path = PulseApp.swift; sourceTree = "<group>"; };
		0B01CDFE4F205CF538FEFCB3 /* DashboardView.swift */ = {isa = PBXFileReference; lastKnownFileType = sourcecode.swift; path = DashboardView.swift; sourceTree = "<group>"; };
		0DEC6AB7EB48CA0FC358DE75 /* HealthKitService.swift */ = {isa = PBXFileReference; lastKnownFileType = sourcecode.swift; path = HealthKitService.swift; sourceTree = "<group>"; };
		0FD7BF650190475FD7D47634 /* Habit.swift */ = {isa = PBXFileReference; lastKnownFileType = sourcecode.swift; path = Habit.swift; sourceTree = "<group>"; };
		13FEF2D2118D74C3572DF349 /* Pulse.app */ = {isa = PBXFileReference; explicitFileType = wrapper.application; includeInIndex = 0; path = Pulse.app; sourceTree = BUILT_PRODUCTS_DIR; };
		343772CBD3872C3BC23DB718 /* NotificationPermissionView.swift */ = {isa = PBXFileReference; lastKnownFileType = sourcecode.swift; path = NotificationPermissionView.swift; sourceTree = "<group>"; };
		39989932745593A114F9C774 /* MealGroup.swift */ = {isa = PBXFileReference; lastKnownFileType = sourcecode.swift; path = MealGroup.swift; sourceTree = "<group>"; };
		3F704423043C92B1229D27E4 /* NotesView.swift */ = {isa = PBXFileReference; lastKnownFileType = sourcecode.swift; path = NotesView.swift; sourceTree = "<group>"; };
		5F5BFBE409E05C0497F8E921 /* MealPlanListView.swift */ = {isa = PBXFileReference; lastKnownFileType = sourcecode.swift; path = MealPlanListView.swift; sourceTree = "<group>"; };
		5FCFC8C1E9A3B989961B020B /* Pulse.entitlements */ = {isa = PBXFileReference; lastKnownFileType = text.plist.entitlements; path = Pulse.entitlements; sourceTree = "<group>"; };
		63A2F4729A1638CB205A1BCA /* NutritionView.swift */ = {isa = PBXFileReference; lastKnownFileType = sourcecode.swift; path = NutritionView.swift; sourceTree = "<group>"; };
		63CEC711FA7536F00870BC15 /* ContentView.swift */ = {isa = PBXFileReference; lastKnownFileType = sourcecode.swift; path = ContentView.swift; sourceTree = "<group>"; };
		6F7FCAABABE275B8FC7E389F /* ExerciseEntry.swift */ = {isa = PBXFileReference; lastKnownFileType = sourcecode.swift; path = ExerciseEntry.swift; sourceTree = "<group>"; };
		7AF603E1D4CD713C31F8E257 /* HabitLog.swift */ = {isa = PBXFileReference; lastKnownFileType = sourcecode.swift; path = HabitLog.swift; sourceTree = "<group>"; };
		88912FFB6F0BF9680A359B85 /* SettingsView.swift */ = {isa = PBXFileReference; lastKnownFileType = sourcecode.swift; path = SettingsView.swift; sourceTree = "<group>"; };
		8CA7CE643BA4B8F7E0481BB1 /* Plan.swift */ = {isa = PBXFileReference; lastKnownFileType = sourcecode.swift; path = Plan.swift; sourceTree = "<group>"; };
		8EE460E0CD5DF90EDC901CE4 /* CreateMealPlanView.swift */ = {isa = PBXFileReference; lastKnownFileType = sourcecode.swift; path = CreateMealPlanView.swift; sourceTree = "<group>"; };
		92A098E1E668F3D580A3721E /* AddNoteView.swift */ = {isa = PBXFileReference; lastKnownFileType = sourcecode.swift; path = AddNoteView.swift; sourceTree = "<group>"; };
		9795E3A03EC14E2DAF73E4E0 /* WaterEntry.swift */ = {isa = PBXFileReference; lastKnownFileType = sourcecode.swift; path = WaterEntry.swift; sourceTree = "<group>"; };
		9D25AD64D524EC1345722847 /* HealthNote.swift */ = {isa = PBXFileReference; lastKnownFileType = sourcecode.swift; path = HealthNote.swift; sourceTree = "<group>"; };
		ABD647265A23C5293A38989B /* WaterView.swift */ = {isa = PBXFileReference; lastKnownFileType = sourcecode.swift; path = WaterView.swift; sourceTree = "<group>"; };
		B393F9255F9FE2C64C23235D /* HabitsView.swift */ = {isa = PBXFileReference; lastKnownFileType = sourcecode.swift; path = HabitsView.swift; sourceTree = "<group>"; };
		BE15FAC6DC6335FFCCA56785 /* ExerciseView.swift */ = {isa = PBXFileReference; lastKnownFileType = sourcecode.swift; path = ExerciseView.swift; sourceTree = "<group>"; };
		BE33570E960801D9A4613C56 /* MealPlan.swift */ = {isa = PBXFileReference; lastKnownFileType = sourcecode.swift; path = MealPlan.swift; sourceTree = "<group>"; };
		D5DF4EAFB116F46CF3EC96C9 /* AddHabitView.swift */ = {isa = PBXFileReference; lastKnownFileType = sourcecode.swift; path = AddHabitView.swift; sourceTree = "<group>"; };
		EC7FFBAB32D5F8DE5505202F /* Info.plist */ = {isa = PBXFileReference; lastKnownFileType = text.plist; path = Info.plist; sourceTree = "<group>"; };
		EFEEEBE0FC8483B8759AC517 /* NotificationService.swift */ = {isa = PBXFileReference; lastKnownFileType = sourcecode.swift; path = NotificationService.swift; sourceTree = "<group>"; };
		F04273000DCFC25413F104BB /* MealItem.swift */ = {isa = PBXFileReference; lastKnownFileType = sourcecode.swift; path = MealItem.swift; sourceTree = "<group>"; };
		F821D3C0E8DDC11003EBBD13 /* AddExerciseView.swift */ = {isa = PBXFileReference; lastKnownFileType = sourcecode.swift; path = AddExerciseView.swift; sourceTree = "<group>"; };
		FF79E618A37525E9DF374CE4 /* NoteDetailView.swift */ = {isa = PBXFileReference; lastKnownFileType = sourcecode.swift; path = NoteDetailView.swift; sourceTree = "<group>"; };
/* End PBXFileReference section */

/* Begin PBXGroup section */
		04B36EE3011BF303B02CC6EF /* Water */ = {
			isa = PBXGroup;
			children = (
				ABD647265A23C5293A38989B /* WaterView.swift */,
			);
			path = Water;
			sourceTree = "<group>";
		};
		16C8605271C6A45188D07E13 /* Pulse */ = {
			isa = PBXGroup;
			children = (
				38F29541A06B8A159C0EFF06 /* App */,
				6EB33EDEBFF6F2EBBD69ADA7 /* Models */,
				F7EE12501EB7201D317BF279 /* Resources */,
				DD8A68E94B2A5686C1410535 /* Services */,
				A8425254B8A66A20B4EBAA8A /* Views */,
			);
			path = Pulse;
			sourceTree = "<group>";
		};
		16D189A38D800715650614CA /* Habits */ = {
			isa = PBXGroup;
			children = (
				D5DF4EAFB116F46CF3EC96C9 /* AddHabitView.swift */,
				B393F9255F9FE2C64C23235D /* HabitsView.swift */,
			);
			path = Habits;
			sourceTree = "<group>";
		};
		1FEE830988994786371D8E45 /* Products */ = {
			isa = PBXGroup;
			children = (
				13FEF2D2118D74C3572DF349 /* Pulse.app */,
			);
			name = Products;
			sourceTree = "<group>";
		};
		360681D51E41043CB027262D /* Settings */ = {
			isa = PBXGroup;
			children = (
				88912FFB6F0BF9680A359B85 /* SettingsView.swift */,
			);
			path = Settings;
			sourceTree = "<group>";
		};
		38F29541A06B8A159C0EFF06 /* App */ = {
			isa = PBXGroup;
			children = (
				63CEC711FA7536F00870BC15 /* ContentView.swift */,
				0AEE9CD05DD0A6FAA15E6014 /* PulseApp.swift */,
			);
			path = App;
			sourceTree = "<group>";
		};
		4A7BA79564A62B6C6501E42E /* Onboarding */ = {
			isa = PBXGroup;
			children = (
				343772CBD3872C3BC23DB718 /* NotificationPermissionView.swift */,
			);
			path = Onboarding;
			sourceTree = "<group>";
		};
		68F35518E0F7A113D28B7BB7 /* Dashboard */ = {
			isa = PBXGroup;
			children = (
				0B01CDFE4F205CF538FEFCB3 /* DashboardView.swift */,
			);
			path = Dashboard;
			sourceTree = "<group>";
		};
		6EB33EDEBFF6F2EBBD69ADA7 /* Models */ = {
			isa = PBXGroup;
			children = (
				6F7FCAABABE275B8FC7E389F /* ExerciseEntry.swift */,
				0FD7BF650190475FD7D47634 /* Habit.swift */,
				7AF603E1D4CD713C31F8E257 /* HabitLog.swift */,
				9D25AD64D524EC1345722847 /* HealthNote.swift */,
				39989932745593A114F9C774 /* MealGroup.swift */,
				F04273000DCFC25413F104BB /* MealItem.swift */,
				070C5015A57E88F404A45DA4 /* MealLog.swift */,
				BE33570E960801D9A4613C56 /* MealPlan.swift */,
				8CA7CE643BA4B8F7E0481BB1 /* Plan.swift */,
				9795E3A03EC14E2DAF73E4E0 /* WaterEntry.swift */,
			);
			path = Models;
			sourceTree = "<group>";
		};
		6FED8CFEBC02D95A360BDAE7 /* Exercise */ = {
			isa = PBXGroup;
			children = (
				F821D3C0E8DDC11003EBBD13 /* AddExerciseView.swift */,
				BE15FAC6DC6335FFCCA56785 /* ExerciseView.swift */,
			);
			path = Exercise;
			sourceTree = "<group>";
		};
		7A87E3B4AE2E59047EFB8F61 = {
			isa = PBXGroup;
			children = (
				16C8605271C6A45188D07E13 /* Pulse */,
				1FEE830988994786371D8E45 /* Products */,
			);
			sourceTree = "<group>";
		};
		A8425254B8A66A20B4EBAA8A /* Views */ = {
			isa = PBXGroup;
			children = (
				68F35518E0F7A113D28B7BB7 /* Dashboard */,
				6FED8CFEBC02D95A360BDAE7 /* Exercise */,
				16D189A38D800715650614CA /* Habits */,
				DE384A2ED0C3E71CA342E0C0 /* Notes */,
				AAC04C75FD47479FE69784BF /* Nutrition */,
				4A7BA79564A62B6C6501E42E /* Onboarding */,
				360681D51E41043CB027262D /* Settings */,
				04B36EE3011BF303B02CC6EF /* Water */,
			);
			path = Views;
			sourceTree = "<group>";
		};
		AAC04C75FD47479FE69784BF /* Nutrition */ = {
			isa = PBXGroup;
			children = (
				8EE460E0CD5DF90EDC901CE4 /* CreateMealPlanView.swift */,
				5F5BFBE409E05C0497F8E921 /* MealPlanListView.swift */,
				63A2F4729A1638CB205A1BCA /* NutritionView.swift */,
			);
			path = Nutrition;
			sourceTree = "<group>";
		};
		DD8A68E94B2A5686C1410535 /* Services */ = {
			isa = PBXGroup;
			children = (
				0DEC6AB7EB48CA0FC358DE75 /* HealthKitService.swift */,
				EFEEEBE0FC8483B8759AC517 /* NotificationService.swift */,
			);
			path = Services;
			sourceTree = "<group>";
		};
		DE384A2ED0C3E71CA342E0C0 /* Notes */ = {
			isa = PBXGroup;
			children = (
				92A098E1E668F3D580A3721E /* AddNoteView.swift */,
				FF79E618A37525E9DF374CE4 /* NoteDetailView.swift */,
				3F704423043C92B1229D27E4 /* NotesView.swift */,
			);
			path = Notes;
			sourceTree = "<group>";
		};
		F7EE12501EB7201D317BF279 /* Resources */ = {
			isa = PBXGroup;
			children = (
				EC7FFBAB32D5F8DE5505202F /* Info.plist */,
				5FCFC8C1E9A3B989961B020B /* Pulse.entitlements */,
			);
			path = Resources;
			sourceTree = "<group>";
		};
/* End PBXGroup section */

/* Begin PBXNativeTarget section */
		CF79B1BAD3D70F54153FE0B3 /* Pulse */ = {
			isa = PBXNativeTarget;
			buildConfigurationList = 9608D96881FD5C17BB380FA0 /* Build configuration list for PBXNativeTarget "Pulse" */;
			buildPhases = (
				D70CFAE236269B6E146109F4 /* Sources */,
			);
			buildRules = (
			);
			dependencies = (
			);
			name = Pulse;
			packageProductDependencies = (
			);
			productName = Pulse;
			productReference = 13FEF2D2118D74C3572DF349 /* Pulse.app */;
			productType = "com.apple.product-type.application";
		};
/* End PBXNativeTarget section */

/* Begin PBXProject section */
		84FEC84833EC6BF77563A3F6 /* Project object */ = {
			isa = PBXProject;
			attributes = {
				BuildIndependentTargetsInParallel = YES;
				LastUpgradeCheck = 1430;
			};
			buildConfigurationList = AEADBFB0BC46A63478A94A51 /* Build configuration list for PBXProject "Pulse" */;
			developmentRegion = en;
			hasScannedForEncodings = 0;
			knownRegions = (
				Base,
				en,
			);
			mainGroup = 7A87E3B4AE2E59047EFB8F61;
			minimizedProjectReferenceProxies = 1;
			preferredProjectObjectVersion = 77;
			productRefGroup = 1FEE830988994786371D8E45 /* Products */;
			projectDirPath = "";
			projectRoot = "";
			targets = (
				CF79B1BAD3D70F54153FE0B3 /* Pulse */,
			);
		};
/* End PBXProject section */

/* Begin PBXSourcesBuildPhase section */
		D70CFAE236269B6E146109F4 /* Sources */ = {
			isa = PBXSourcesBuildPhase;
			buildActionMask = 2147483647;
			files = (
				ABDF6FCD8E4D6DB01AFE95FB /* AddExerciseView.swift in Sources */,
				52B6C06F8B468E2A3A0ACCCC /* AddHabitView.swift in Sources */,
				1C9D8C54BF1E9359784BED5B /* AddNoteView.swift in Sources */,
				EC1885A3538327B6CABB18A9 /* ContentView.swift in Sources */,
				268938479520BB31C84FC8C6 /* CreateMealPlanView.swift in Sources */,
				3F5539D5151CE50C46549FA6 /* DashboardView.swift in Sources */,
				37D3B4193853E2BAAA919D93 /* ExerciseEntry.swift in Sources */,
				4FABAC52380AEADF5F70391F /* ExerciseView.swift in Sources */,
				807CEF2E58F5D4EB1922BF0D /* Habit.swift in Sources */,
				CFE5AE62879752E1F53DF71B /* HabitLog.swift in Sources */,
				C6291F88D20624F962058F3C /* HabitsView.swift in Sources */,
				DC07E6DA1C9C068A6A5BD0BF /* HealthKitService.swift in Sources */,
				12591291A34C66ED682F1267 /* HealthNote.swift in Sources */,
				18DDF110DA6C66FE369B60CE /* MealGroup.swift in Sources */,
				9DEBFDC7EE0C88CACB217D77 /* MealItem.swift in Sources */,
				AFBC38BF34DC2D0D3936926E /* MealLog.swift in Sources */,
				EE0B042985BD3DB2A6E233C5 /* MealPlan.swift in Sources */,
				790501A163BE853B582888D3 /* MealPlanListView.swift in Sources */,
				34638D9BBB093424C294317A /* NoteDetailView.swift in Sources */,
				EC55D300DE3811C5395F0303 /* NotesView.swift in Sources */,
				9C364F5A29AB260D4CF5533A /* NotificationPermissionView.swift in Sources */,
				BC7168FA2155CA216D70BCF4 /* NotificationService.swift in Sources */,
				017019B7F63B1002A39CBC0E /* NutritionView.swift in Sources */,
				8D1BF3F24255D07376EE9101 /* Plan.swift in Sources */,
				3486367464537B6192F7C2AF /* PulseApp.swift in Sources */,
				A91C71F49B69C4660980908C /* SettingsView.swift in Sources */,
				F8E87ADC36D5A3A4CF99BBF8 /* WaterEntry.swift in Sources */,
				118FB7D768F611DCE56B5D55 /* WaterView.swift in Sources */,
			);
			runOnlyForDeploymentPostprocessing = 0;
		};
/* End PBXSourcesBuildPhase section */

/* Begin XCBuildConfiguration section */
		2E7048B1817FBF01C246A8F3 /* Release */ = {
			isa = XCBuildConfiguration;
			buildSettings = {
				ALWAYS_SEARCH_USER_PATHS = NO;
				CLANG_ANALYZER_NONNULL = YES;
				CLANG_ANALYZER_NUMBER_OBJECT_CONVERSION = YES_AGGRESSIVE;
				CLANG_CXX_LANGUAGE_STANDARD = "gnu++14";
				CLANG_CXX_LIBRARY = "libc++";
				CLANG_ENABLE_MODULES = YES;
				CLANG_ENABLE_OBJC_ARC = YES;
				CLANG_ENABLE_OBJC_WEAK = YES;
				CLANG_WARN_BLOCK_CAPTURE_AUTORELEASING = YES;
				CLANG_WARN_BOOL_CONVERSION = YES;
				CLANG_WARN_COMMA = YES;
				CLANG_WARN_CONSTANT_CONVERSION = YES;
				CLANG_WARN_DEPRECATED_OBJC_IMPLEMENTATIONS = YES;
				CLANG_WARN_DIRECT_OBJC_ISA_USAGE = YES_ERROR;
				CLANG_WARN_DOCUMENTATION_COMMENTS = YES;
				CLANG_WARN_EMPTY_BODY = YES;
				CLANG_WARN_ENUM_CONVERSION = YES;
				CLANG_WARN_INFINITE_RECURSION = YES;
				CLANG_WARN_INT_CONVERSION = YES;
				CLANG_WARN_NON_LITERAL_NULL_CONVERSION = YES;
				CLANG_WARN_OBJC_IMPLICIT_RETAIN_SELF = YES;
				CLANG_WARN_OBJC_LITERAL_CONVERSION = YES;
				CLANG_WARN_OBJC_ROOT_CLASS = YES_ERROR;
				CLANG_WARN_QUOTED_INCLUDE_IN_FRAMEWORK_HEADER = YES;
				CLANG_WARN_RANGE_LOOP_ANALYSIS = YES;
				CLANG_WARN_STRICT_PROTOTYPES = YES;
				CLANG_WARN_SUSPICIOUS_MOVE = YES;
				CLANG_WARN_UNGUARDED_AVAILABILITY = YES_AGGRESSIVE;
				CLANG_WARN_UNREACHABLE_CODE = YES;
				CLANG_WARN__DUPLICATE_METHOD_MATCH = YES;
				COPY_PHASE_STRIP = NO;
				CURRENT_PROJECT_VERSION = 1;
				DEBUG_INFORMATION_FORMAT = "dwarf-with-dsym";
				DEVELOPMENT_TEAM = "";
				ENABLE_NS_ASSERTIONS = NO;
				ENABLE_STRICT_OBJC_MSGSEND = YES;
				GCC_C_LANGUAGE_STANDARD = gnu11;
				GCC_NO_COMMON_BLOCKS = YES;
				GCC_WARN_64_TO_32_BIT_CONVERSION = YES;
				GCC_WARN_ABOUT_RETURN_TYPE = YES_ERROR;
				GCC_WARN_UNDECLARED_SELECTOR = YES;
				GCC_WARN_UNINITIALIZED_AUTOS = YES_AGGRESSIVE;
				GCC_WARN_UNUSED_FUNCTION = YES;
				GCC_WARN_UNUSED_VARIABLE = YES;
				IPHONEOS_DEPLOYMENT_TARGET = 17.0;
				MARKETING_VERSION = 1.0.0;
				MTL_ENABLE_DEBUG_INFO = NO;
				MTL_FAST_MATH = YES;
				PRODUCT_BUNDLE_IDENTIFIER = com.furkanakarios.pulse;
				PRODUCT_NAME = "$(TARGET_NAME)";
				SDKROOT = iphoneos;
				SWIFT_COMPILATION_MODE = wholemodule;
				SWIFT_OPTIMIZATION_LEVEL = "-O";
				SWIFT_VERSION = 5.9;
			};
			name = Release;
		};
		78CFDB6D85EA0A925D164718 /* Debug */ = {
			isa = XCBuildConfiguration;
			buildSettings = {
				ASSETCATALOG_COMPILER_APPICON_NAME = AppIcon;
				CODE_SIGN_ALLOW_ENTITLEMENTS_MODIFICATION = YES;
				CODE_SIGN_ENTITLEMENTS = Pulse/Resources/Pulse.entitlements;
				CODE_SIGN_IDENTITY = "iPhone Developer";
				DEVELOPMENT_TEAM = 86DFRNMKL7;
				INFOPLIST_FILE = Pulse/Resources/Info.plist;
				IPHONEOS_DEPLOYMENT_TARGET = 17.0;
				LD_RUNPATH_SEARCH_PATHS = (
					"$(inherited)",
					"@executable_path/Frameworks",
				);
				PRODUCT_BUNDLE_IDENTIFIER = com.furkanakarios.pulse;
				SDKROOT = iphoneos;
				SWIFT_VERSION = 5.9;
				TARGETED_DEVICE_FAMILY = "1,2";
			};
			name = Debug;
		};
		DF81B04A566426AD422B92B3 /* Release */ = {
			isa = XCBuildConfiguration;
			buildSettings = {
				ASSETCATALOG_COMPILER_APPICON_NAME = AppIcon;
				CODE_SIGN_ALLOW_ENTITLEMENTS_MODIFICATION = YES;
				CODE_SIGN_ENTITLEMENTS = Pulse/Resources/Pulse.entitlements;
				CODE_SIGN_IDENTITY = "iPhone Developer";
				DEVELOPMENT_TEAM = 86DFRNMKL7;
				INFOPLIST_FILE = Pulse/Resources/Info.plist;
				IPHONEOS_DEPLOYMENT_TARGET = 17.0;
				LD_RUNPATH_SEARCH_PATHS = (
					"$(inherited)",
					"@executable_path/Frameworks",
				);
				PRODUCT_BUNDLE_IDENTIFIER = com.furkanakarios.pulse;
				SDKROOT = iphoneos;
				SWIFT_VERSION = 5.9;
				TARGETED_DEVICE_FAMILY = "1,2";
			};
			name = Release;
		};
		FA223E74BBF86702C72CD3A8 /* Debug */ = {
			isa = XCBuildConfiguration;
			buildSettings = {
				ALWAYS_SEARCH_USER_PATHS = NO;
				CLANG_ANALYZER_NONNULL = YES;
				CLANG_ANALYZER_NUMBER_OBJECT_CONVERSION = YES_AGGRESSIVE;
				CLANG_CXX_LANGUAGE_STANDARD = "gnu++14";
				CLANG_CXX_LIBRARY = "libc++";
				CLANG_ENABLE_MODULES = YES;
				CLANG_ENABLE_OBJC_ARC = YES;
				CLANG_ENABLE_OBJC_WEAK = YES;
				CLANG_WARN_BLOCK_CAPTURE_AUTORELEASING = YES;
				CLANG_WARN_BOOL_CONVERSION = YES;
				CLANG_WARN_COMMA = YES;
				CLANG_WARN_CONSTANT_CONVERSION = YES;
				CLANG_WARN_DEPRECATED_OBJC_IMPLEMENTATIONS = YES;
				CLANG_WARN_DIRECT_OBJC_ISA_USAGE = YES_ERROR;
				CLANG_WARN_DOCUMENTATION_COMMENTS = YES;
				CLANG_WARN_EMPTY_BODY = YES;
				CLANG_WARN_ENUM_CONVERSION = YES;
				CLANG_WARN_INFINITE_RECURSION = YES;
				CLANG_WARN_INT_CONVERSION = YES;
				CLANG_WARN_NON_LITERAL_NULL_CONVERSION = YES;
				CLANG_WARN_OBJC_IMPLICIT_RETAIN_SELF = YES;
				CLANG_WARN_OBJC_LITERAL_CONVERSION = YES;
				CLANG_WARN_OBJC_ROOT_CLASS = YES_ERROR;
				CLANG_WARN_QUOTED_INCLUDE_IN_FRAMEWORK_HEADER = YES;
				CLANG_WARN_RANGE_LOOP_ANALYSIS = YES;
				CLANG_WARN_STRICT_PROTOTYPES = YES;
				CLANG_WARN_SUSPICIOUS_MOVE = YES;
				CLANG_WARN_UNGUARDED_AVAILABILITY = YES_AGGRESSIVE;
				CLANG_WARN_UNREACHABLE_CODE = YES;
				CLANG_WARN__DUPLICATE_METHOD_MATCH = YES;
				COPY_PHASE_STRIP = NO;
				CURRENT_PROJECT_VERSION = 1;
				DEBUG_INFORMATION_FORMAT = dwarf;
				DEVELOPMENT_TEAM = "";
				ENABLE_STRICT_OBJC_MSGSEND = YES;
				ENABLE_TESTABILITY = YES;
				GCC_C_LANGUAGE_STANDARD = gnu11;
				GCC_DYNAMIC_NO_PIC = NO;
				GCC_NO_COMMON_BLOCKS = YES;
				GCC_OPTIMIZATION_LEVEL = 0;
				GCC_PREPROCESSOR_DEFINITIONS = (
					"$(inherited)",
					"DEBUG=1",
				);
				GCC_WARN_64_TO_32_BIT_CONVERSION = YES;
				GCC_WARN_ABOUT_RETURN_TYPE = YES_ERROR;
				GCC_WARN_UNDECLARED_SELECTOR = YES;
				GCC_WARN_UNINITIALIZED_AUTOS = YES_AGGRESSIVE;
				GCC_WARN_UNUSED_FUNCTION = YES;
				GCC_WARN_UNUSED_VARIABLE = YES;
				IPHONEOS_DEPLOYMENT_TARGET = 17.0;
				MARKETING_VERSION = 1.0.0;
				MTL_ENABLE_DEBUG_INFO = INCLUDE_SOURCE;
				MTL_FAST_MATH = YES;
				ONLY_ACTIVE_ARCH = YES;
				PRODUCT_BUNDLE_IDENTIFIER = com.furkanakarios.pulse;
				PRODUCT_NAME = "$(TARGET_NAME)";
				SDKROOT = iphoneos;
				SWIFT_ACTIVE_COMPILATION_CONDITIONS = DEBUG;
				SWIFT_OPTIMIZATION_LEVEL = "-Onone";
				SWIFT_VERSION = 5.9;
			};
			name = Debug;
		};
/* End XCBuildConfiguration section */

/* Begin XCConfigurationList section */
		9608D96881FD5C17BB380FA0 /* Build configuration list for PBXNativeTarget "Pulse" */ = {
			isa = XCConfigurationList;
			buildConfigurations = (
				78CFDB6D85EA0A925D164718 /* Debug */,
				DF81B04A566426AD422B92B3 /* Release */,
			);
			defaultConfigurationIsVisible = 0;
			defaultConfigurationName = Debug;
		};
		AEADBFB0BC46A63478A94A51 /* Build configuration list for PBXProject "Pulse" */ = {
			isa = XCConfigurationList;
			buildConfigurations = (
				FA223E74BBF86702C72CD3A8 /* Debug */,
				2E7048B1817FBF01C246A8F3 /* Release */,
			);
			defaultConfigurationIsVisible = 0;
			defaultConfigurationName = Debug;
		};
/* End XCConfigurationList section */
	};
	rootObject = 84FEC84833EC6BF77563A3F6 /* Project object */;
}
